// !$*UTF8*$!
{
	archiveVersion = 1;
	classes = {
	};
	objectVersion = 46;
	objects = {

/* Begin PBXBuildFile section */
		4C3ED0601F14767D00FE7758 /* AppDelegate.swift in Sources */ = {isa = PBXBuildFile; fileRef = 4C3ED05F1F14767D00FE7758 /* AppDelegate.swift */; };
		4C3ED0621F14767D00FE7758 /* ViewController.swift in Sources */ = {isa = PBXBuildFile; fileRef = 4C3ED0611F14767D00FE7758 /* ViewController.swift */; };
		4C3ED0651F14767D00FE7758 /* Main.storyboard in Resources */ = {isa = PBXBuildFile; fileRef = 4C3ED0631F14767D00FE7758 /* Main.storyboard */; settings = {ASSET_TAGS = (1, ); }; };
		4C3ED0671F14767D00FE7758 /* Assets.xcassets in Resources */ = {isa = PBXBuildFile; fileRef = 4C3ED0661F14767D00FE7758 /* Assets.xcassets */; };
		4C3ED06A1F14767D00FE7758 /* LaunchScreen.storyboard in Resources */ = {isa = PBXBuildFile; fileRef = 4C3ED0681F14767D00FE7758 /* LaunchScreen.storyboard */; };
		4CB615B61F28CDC80027562B /* calabash.framework in Frameworks */ = {isa = PBXBuildFile; fileRef = 4CB615B51F28CDC80027562B /* calabash.framework */; };
		4CB615BA1F28CEB40027562B /* ViewController.swift in Sources */ = {isa = PBXBuildFile; fileRef = 4C3ED0611F14767D00FE7758 /* ViewController.swift */; };
		4CB615BB1F28CEB40027562B /* AppDelegate.swift in Sources */ = {isa = PBXBuildFile; fileRef = 4C3ED05F1F14767D00FE7758 /* AppDelegate.swift */; };
		4CB615BD1F28CEB40027562B /* calabash.framework in Frameworks */ = {isa = PBXBuildFile; fileRef = 4CB615B51F28CDC80027562B /* calabash.framework */; };
		4CB615BF1F28CEB40027562B /* LaunchScreen.storyboard in Resources */ = {isa = PBXBuildFile; fileRef = 4C3ED0681F14767D00FE7758 /* LaunchScreen.storyboard */; };
		4CB615C01F28CEB40027562B /* Assets.xcassets in Resources */ = {isa = PBXBuildFile; fileRef = 4C3ED0661F14767D00FE7758 /* Assets.xcassets */; };
		4CB615C11F28CEB40027562B /* Main.storyboard in Resources */ = {isa = PBXBuildFile; fileRef = 4C3ED0631F14767D00FE7758 /* Main.storyboard */; settings = {ASSET_TAGS = (1, ); }; };
		4CB615C81F28CF6B0027562B /* CFNetwork.framework in Frameworks */ = {isa = PBXBuildFile; fileRef = 4CB615C71F28CF6B0027562B /* CFNetwork.framework */; };
/* End PBXBuildFile section */

/* Begin PBXFileReference section */
		4C3ED05C1F14767D00FE7758 /* TapWar.app */ = {isa = PBXFileReference; explicitFileType = wrapper.application; includeInIndex = 0; path = TapWar.app; sourceTree = BUILT_PRODUCTS_DIR; };
		4C3ED05F1F14767D00FE7758 /* AppDelegate.swift */ = {isa = PBXFileReference; lastKnownFileType = sourcecode.swift; path = AppDelegate.swift; sourceTree = "<group>"; };
		4C3ED0611F14767D00FE7758 /* ViewController.swift */ = {isa = PBXFileReference; lastKnownFileType = sourcecode.swift; path = ViewController.swift; sourceTree = "<group>"; };
		4C3ED0641F14767D00FE7758 /* Base */ = {isa = PBXFileReference; lastKnownFileType = file.storyboard; name = Base; path = Base.lproj/Main.storyboard; sourceTree = "<group>"; };
		4C3ED0661F14767D00FE7758 /* Assets.xcassets */ = {isa = PBXFileReference; lastKnownFileType = folder.assetcatalog; path = Assets.xcassets; sourceTree = "<group>"; };
		4C3ED0691F14767D00FE7758 /* Base */ = {isa = PBXFileReference; lastKnownFileType = file.storyboard; name = Base; path = Base.lproj/LaunchScreen.storyboard; sourceTree = "<group>"; };
		4C3ED06B1F14767D00FE7758 /* Info.plist */ = {isa = PBXFileReference; lastKnownFileType = text.plist.xml; path = Info.plist; sourceTree = "<group>"; };
		4CB615B51F28CDC80027562B /* calabash.framework */ = {isa = PBXFileReference; lastKnownFileType = wrapper.framework; path = calabash.framework; sourceTree = "<group>"; };
		4CB615C51F28CEB40027562B /* TapWar-cal.app */ = {isa = PBXFileReference; explicitFileType = wrapper.application; includeInIndex = 0; path = "TapWar-cal.app"; sourceTree = BUILT_PRODUCTS_DIR; };
		4CB615C71F28CF6B0027562B /* CFNetwork.framework */ = {isa = PBXFileReference; lastKnownFileType = wrapper.framework; name = CFNetwork.framework; path = System/Library/Frameworks/CFNetwork.framework; sourceTree = SDKROOT; };
/* End PBXFileReference section */

/* Begin PBXFrameworksBuildPhase section */
		4C3ED0591F14767D00FE7758 /* Frameworks */ = {
			isa = PBXFrameworksBuildPhase;
			buildActionMask = 2147483647;
			files = (
				4CB615B61F28CDC80027562B /* calabash.framework in Frameworks */,
			);
			runOnlyForDeploymentPostprocessing = 0;
		};
		4CB615BC1F28CEB40027562B /* Frameworks */ = {
			isa = PBXFrameworksBuildPhase;
			buildActionMask = 2147483647;
			files = (
				4CB615C81F28CF6B0027562B /* CFNetwork.framework in Frameworks */,
				4CB615BD1F28CEB40027562B /* calabash.framework in Frameworks */,
			);
			runOnlyForDeploymentPostprocessing = 0;
		};
/* End PBXFrameworksBuildPhase section */

/* Begin PBXGroup section */
		4C3ED0531F14767D00FE7758 = {
			isa = PBXGroup;
			children = (
				4CB615B71F28CDCC0027562B /* Frameworks */,
				4C3ED05E1F14767D00FE7758 /* TapWar */,
				4C3ED05D1F14767D00FE7758 /* Products */,
			);
			sourceTree = "<group>";
		};
		4C3ED05D1F14767D00FE7758 /* Products */ = {
			isa = PBXGroup;
			children = (
				4C3ED05C1F14767D00FE7758 /* TapWar.app */,
				4CB615C51F28CEB40027562B /* TapWar-cal.app */,
			);
			name = Products;
			sourceTree = "<group>";
		};
		4C3ED05E1F14767D00FE7758 /* TapWar */ = {
			isa = PBXGroup;
			children = (
				4C3ED05F1F14767D00FE7758 /* AppDelegate.swift */,
				4C3ED0611F14767D00FE7758 /* ViewController.swift */,
				4C3ED0631F14767D00FE7758 /* Main.storyboard */,
				4C3ED0661F14767D00FE7758 /* Assets.xcassets */,
				4C3ED0681F14767D00FE7758 /* LaunchScreen.storyboard */,
				4C3ED06B1F14767D00FE7758 /* Info.plist */,
			);
			path = TapWar;
			sourceTree = "<group>";
		};
		4CB615B71F28CDCC0027562B /* Frameworks */ = {
			isa = PBXGroup;
			children = (
				4CB615C71F28CF6B0027562B /* CFNetwork.framework */,
				4CB615B51F28CDC80027562B /* calabash.framework */,
			);
			name = Frameworks;
			sourceTree = "<group>";
		};
/* End PBXGroup section */

/* Begin PBXNativeTarget section */
		4C3ED05B1F14767D00FE7758 /* TapWar */ = {
			isa = PBXNativeTarget;
			buildConfigurationList = 4C3ED06E1F14767D00FE7758 /* Build configuration list for PBXNativeTarget "TapWar" */;
			buildPhases = (
				4C3ED0581F14767D00FE7758 /* Sources */,
				4C3ED0591F14767D00FE7758 /* Frameworks */,
				4C3ED05A1F14767D00FE7758 /* Resources */,
			);
			buildRules = (
			);
			dependencies = (
			);
			name = TapWar;
			productName = TapWar;
			productReference = 4C3ED05C1F14767D00FE7758 /* TapWar.app */;
			productType = "com.apple.product-type.application";
		};
		4CB615B81F28CEB40027562B /* TapWar-cal */ = {
			isa = PBXNativeTarget;
			buildConfigurationList = 4CB615C21F28CEB40027562B /* Build configuration list for PBXNativeTarget "TapWar-cal" */;
			buildPhases = (
				4CB615B91F28CEB40027562B /* Sources */,
				4CB615BC1F28CEB40027562B /* Frameworks */,
				4CB615BE1F28CEB40027562B /* Resources */,
			);
			buildRules = (
			);
			dependencies = (
			);
			name = "TapWar-cal";
			productName = TapWar;
			productReference = 4CB615C51F28CEB40027562B /* TapWar-cal.app */;
			productType = "com.apple.product-type.application";
		};
/* End PBXNativeTarget section */

/* Begin PBXProject section */
		4C3ED0541F14767D00FE7758 /* Project object */ = {
			isa = PBXProject;
			attributes = {
				KnownAssetTags = (
					1,
				);
				LastSwiftUpdateCheck = 0830;
				LastUpgradeCheck = 1130;
				ORGANIZATIONNAME = charland;
				TargetAttributes = {
					4C3ED05B1F14767D00FE7758 = {
						CreatedOnToolsVersion = 8.3.3;
						DevelopmentTeam = CY96495443;
						ProvisioningStyle = Automatic;
					};
					4CB615B81F28CEB40027562B = {
						DevelopmentTeam = CY96495443;
					};
				};
			};
			buildConfigurationList = 4C3ED0571F14767D00FE7758 /* Build configuration list for PBXProject "TapWar" */;
			compatibilityVersion = "Xcode 3.2";
			developmentRegion = en;
			hasScannedForEncodings = 0;
			knownRegions = (
				en,
				Base,
			);
			mainGroup = 4C3ED0531F14767D00FE7758;
			productRefGroup = 4C3ED05D1F14767D00FE7758 /* Products */;
			projectDirPath = "";
			projectRoot = "";
			targets = (
				4C3ED05B1F14767D00FE7758 /* TapWar */,
				4CB615B81F28CEB40027562B /* TapWar-cal */,
			);
		};
/* End PBXProject section */

/* Begin PBXResourcesBuildPhase section */
		4C3ED05A1F14767D00FE7758 /* Resources */ = {
			isa = PBXResourcesBuildPhase;
			buildActionMask = 2147483647;
			files = (
				4C3ED06A1F14767D00FE7758 /* LaunchScreen.storyboard in Resources */,
				4C3ED0671F14767D00FE7758 /* Assets.xcassets in Resources */,
				4C3ED0651F14767D00FE7758 /* Main.storyboard in Resources */,
			);
			runOnlyForDeploymentPostprocessing = 0;
		};
		4CB615BE1F28CEB40027562B /* Resources */ = {
			isa = PBXResourcesBuildPhase;
			buildActionMask = 2147483647;
			files = (
				4CB615BF1F28CEB40027562B /* LaunchScreen.storyboard in Resources */,
				4CB615C01F28CEB40027562B /* Assets.xcassets in Resources */,
				4CB615C11F28CEB40027562B /* Main.storyboard in Resources */,
			);
			runOnlyForDeploymentPostprocessing = 0;
		};
/* End PBXResourcesBuildPhase section */

/* Begin PBXSourcesBuildPhase section */
		4C3ED0581F14767D00FE7758 /* Sources */ = {
			isa = PBXSourcesBuildPhase;
			buildActionMask = 2147483647;
			files = (
				4C3ED0621F14767D00FE7758 /* ViewController.swift in Sources */,
				4C3ED0601F14767D00FE7758 /* AppDelegate.swift in Sources */,
			);
			runOnlyForDeploymentPostprocessing = 0;
		};
		4CB615B91F28CEB40027562B /* Sources */ = {
			isa = PBXSourcesBuildPhase;
			buildActionMask = 2147483647;
			files = (
				4CB615BA1F28CEB40027562B /* ViewController.swift in Sources */,
				4CB615BB1F28CEB40027562B /* AppDelegate.swift in Sources */,
			);
			runOnlyForDeploymentPostprocessing = 0;
		};
/* End PBXSourcesBuildPhase section */

/* Begin PBXVariantGroup section */
		4C3ED0631F14767D00FE7758 /* Main.storyboard */ = {
			isa = PBXVariantGroup;
			children = (
				4C3ED0641F14767D00FE7758 /* Base */,
			);
			name = Main.storyboard;
			sourceTree = "<group>";
		};
		4C3ED0681F14767D00FE7758 /* LaunchScreen.storyboard */ = {
			isa = PBXVariantGroup;
			children = (
				4C3ED0691F14767D00FE7758 /* Base */,
			);
			name = LaunchScreen.storyboard;
			sourceTree = "<group>";
		};
/* End PBXVariantGroup section */

/* Begin XCBuildConfiguration section */
		4C3ED06C1F14767D00FE7758 /* Debug */ = {
			isa = XCBuildConfiguration;
			buildSettings = {
				ALWAYS_SEARCH_USER_PATHS = NO;
				CLANG_ANALYZER_LOCALIZABILITY_NONLOCALIZED = YES;
				CLANG_ANALYZER_NONNULL = YES;
				CLANG_ANALYZER_NUMBER_OBJECT_CONVERSION = YES_AGGRESSIVE;
				CLANG_CXX_LANGUAGE_STANDARD = "gnu++0x";
				CLANG_CXX_LIBRARY = "libc++";
				CLANG_ENABLE_MODULES = YES;
				CLANG_ENABLE_OBJC_ARC = YES;
				CLANG_WARN_BLOCK_CAPTURE_AUTORELEASING = YES;
				CLANG_WARN_BOOL_CONVERSION = YES;
				CLANG_WARN_COMMA = YES;
				CLANG_WARN_CONSTANT_CONVERSION = YES;
				CLANG_WARN_DEPRECATED_OBJC_IMPLEMENTATIONS = YES;
				CLANG_WARN_DIRECT_OBJC_ISA_USAGE = YES_ERROR;
				CLANG_WARN_DOCUMENTATION_COMMENTS = YES;
				CLANG_WARN_EMPTY_BODY = YES;
				CLANG_WARN_ENUM_CONVERSION = YES;
				CLANG_WARN_INFINITE_RECURSION = YES;
				CLANG_WARN_INT_CONVERSION = YES;
				CLANG_WARN_NON_LITERAL_NULL_CONVERSION = YES;
				CLANG_WARN_OBJC_IMPLICIT_RETAIN_SELF = YES;
				CLANG_WARN_OBJC_LITERAL_CONVERSION = YES;
				CLANG_WARN_OBJC_ROOT_CLASS = YES_ERROR;
				CLANG_WARN_RANGE_LOOP_ANALYSIS = YES;
				CLANG_WARN_STRICT_PROTOTYPES = YES;
				CLANG_WARN_SUSPICIOUS_MOVE = YES;
				CLANG_WARN_UNREACHABLE_CODE = YES;
				CLANG_WARN__DUPLICATE_METHOD_MATCH = YES;
				"CODE_SIGN_IDENTITY[sdk=iphoneos*]" = "iPhone Developer";
				COPY_PHASE_STRIP = NO;
				DEBUG_INFORMATION_FORMAT = dwarf;
				ENABLE_STRICT_OBJC_MSGSEND = YES;
				ENABLE_TESTABILITY = YES;
				GCC_C_LANGUAGE_STANDARD = gnu99;
				GCC_DYNAMIC_NO_PIC = NO;
				GCC_NO_COMMON_BLOCKS = YES;
				GCC_OPTIMIZATION_LEVEL = 0;
				GCC_PREPROCESSOR_DEFINITIONS = (
					"DEBUG=1",
					"$(inherited)",
				);
				GCC_WARN_64_TO_32_BIT_CONVERSION = YES;
				GCC_WARN_ABOUT_RETURN_TYPE = YES_ERROR;
				GCC_WARN_UNDECLARED_SELECTOR = YES;
				GCC_WARN_UNINITIALIZED_AUTOS = YES_AGGRESSIVE;
				GCC_WARN_UNUSED_FUNCTION = YES;
				GCC_WARN_UNUSED_VARIABLE = YES;
				IPHONEOS_DEPLOYMENT_TARGET = 13.2;
				MTL_ENABLE_DEBUG_INFO = YES;
				ONLY_ACTIVE_ARCH = YES;
				SDKROOT = iphoneos;
				SWIFT_ACTIVE_COMPILATION_CONDITIONS = DEBUG;
				SWIFT_OPTIMIZATION_LEVEL = "-Onone";
				SWIFT_VERSION = 5.0;
			};
			name = Debug;
		};
		4C3ED06D1F14767D00FE7758 /* Release */ = {
			isa = XCBuildConfiguration;
			buildSettings = {
				ALWAYS_SEARCH_USER_PATHS = NO;
				CLANG_ANALYZER_LOCALIZABILITY_NONLOCALIZED = YES;
				CLANG_ANALYZER_NONNULL = YES;
				CLANG_ANALYZER_NUMBER_OBJECT_CONVERSION = YES_AGGRESSIVE;
				CLANG_CXX_LANGUAGE_STANDARD = "gnu++0x";
				CLANG_CXX_LIBRARY = "libc++";
				CLANG_ENABLE_MODULES = YES;
				CLANG_ENABLE_OBJC_ARC = YES;
				CLANG_WARN_BLOCK_CAPTURE_AUTORELEASING = YES;
				CLANG_WARN_BOOL_CONVERSION = YES;
				CLANG_WARN_COMMA = YES;
				CLANG_WARN_CONSTANT_CONVERSION = YES;
				CLANG_WARN_DEPRECATED_OBJC_IMPLEMENTATIONS = YES;
				CLANG_WARN_DIRECT_OBJC_ISA_USAGE = YES_ERROR;
				CLANG_WARN_DOCUMENTATION_COMMENTS = YES;
				CLANG_WARN_EMPTY_BODY = YES;
				CLANG_WARN_ENUM_CONVERSION = YES;
				CLANG_WARN_INFINITE_RECURSION = YES;
				CLANG_WARN_INT_CONVERSION = YES;
				CLANG_WARN_NON_LITERAL_NULL_CONVERSION = YES;
				CLANG_WARN_OBJC_IMPLICIT_RETAIN_SELF = YES;
				CLANG_WARN_OBJC_LITERAL_CONVERSION = YES;
				CLANG_WARN_OBJC_ROOT_CLASS = YES_ERROR;
				CLANG_WARN_RANGE_LOOP_ANALYSIS = YES;
				CLANG_WARN_STRICT_PROTOTYPES = YES;
				CLANG_WARN_SUSPICIOUS_MOVE = YES;
				CLANG_WARN_UNREACHABLE_CODE = YES;
				CLANG_WARN__DUPLICATE_METHOD_MATCH = YES;
				"CODE_SIGN_IDENTITY[sdk=iphoneos*]" = "iPhone Developer";
				COPY_PHASE_STRIP = NO;
				DEBUG_INFORMATION_FORMAT = "dwarf-with-dsym";
				ENABLE_NS_ASSERTIONS = NO;
				ENABLE_STRICT_OBJC_MSGSEND = YES;
				GCC_C_LANGUAGE_STANDARD = gnu99;
				GCC_NO_COMMON_BLOCKS = YES;
				GCC_WARN_64_TO_32_BIT_CONVERSION = YES;
				GCC_WARN_ABOUT_RETURN_TYPE = YES_ERROR;
				GCC_WARN_UNDECLARED_SELECTOR = YES;
				GCC_WARN_UNINITIALIZED_AUTOS = YES_AGGRESSIVE;
				GCC_WARN_UNUSED_FUNCTION = YES;
				GCC_WARN_UNUSED_VARIABLE = YES;
				IPHONEOS_DEPLOYMENT_TARGET = 13.2;
				MTL_ENABLE_DEBUG_INFO = NO;
				SDKROOT = iphoneos;
				SWIFT_OPTIMIZATION_LEVEL = "-Owholemodule";
				SWIFT_VERSION = 5.0;
				VALIDATE_PRODUCT = YES;
			};
			name = Release;
		};
		4C3ED06F1F14767D00FE7758 /* Debug */ = {
			isa = XCBuildConfiguration;
			buildSettings = {
				ASSETCATALOG_COMPILER_APPICON_NAME = AppIcon;
				DEVELOPMENT_TEAM = CY96495443;
				FRAMEWORK_SEARCH_PATHS = (
					"$(inherited)",
					"$(PROJECT_DIR)",
				);
				INFOPLIST_FILE = TapWar/Info.plist;
				LD_RUNPATH_SEARCH_PATHS = "$(inherited) @executable_path/Frameworks";
				OTHER_LDFLAGS = "";
				PRODUCT_BUNDLE_IDENTIFIER = ca.charland.TapWar;
				PRODUCT_NAME = "$(TARGET_NAME)";
				SWIFT_VERSION = 5.0;
			};
			name = Debug;
		};
		4C3ED0701F14767D00FE7758 /* Release */ = {
			isa = XCBuildConfiguration;
			buildSettings = {
				ASSETCATALOG_COMPILER_APPICON_NAME = AppIcon;
				DEVELOPMENT_TEAM = CY96495443;
				FRAMEWORK_SEARCH_PATHS = (
					"$(inherited)",
					"$(PROJECT_DIR)",
				);
				INFOPLIST_FILE = TapWar/Info.plist;
				LD_RUNPATH_SEARCH_PATHS = "$(inherited) @executable_path/Frameworks";
				OTHER_LDFLAGS = "";
				PRODUCT_BUNDLE_IDENTIFIER = ca.charland.TapWar;
				PRODUCT_NAME = "$(TARGET_NAME)";
				SWIFT_VERSION = 5.0;
			};
			name = Release;
		};
		4CB615C31F28CEB40027562B /* Debug */ = {
			isa = XCBuildConfiguration;
			buildSettings = {
				ASSETCATALOG_COMPILER_APPICON_NAME = AppIcon;
				DEVELOPMENT_TEAM = CY96495443;
				FRAMEWORK_SEARCH_PATHS = (
					"$(inherited)",
					"$(PROJECT_DIR)",
				);
				INFOPLIST_FILE = TapWar/Info.plist;
				LD_RUNPATH_SEARCH_PATHS = "$(inherited) @executable_path/Frameworks";
				OTHER_LDFLAGS = (
					"-ObjC",
					"-force_load",
					"\"$(SOURCE_ROOT)/calabash.framework/calabash\"",
				);
				PRODUCT_BUNDLE_IDENTIFIER = "ca.charland.TapWar-cal";
				PRODUCT_NAME = "$(TARGET_NAME)";
				SWIFT_VERSION = 5.0;
			};
			name = Debug;
		};
		4CB615C41F28CEB40027562B /* Release */ = {
			isa = XCBuildConfiguration;
			buildSettings = {
				ASSETCATALOG_COMPILER_APPICON_NAME = AppIcon;
				DEVELOPMENT_TEAM = CY96495443;
				FRAMEWORK_SEARCH_PATHS = (
					"$(inherited)",
					"$(PROJECT_DIR)",
				);
				INFOPLIST_FILE = TapWar/Info.plist;
				LD_RUNPATH_SEARCH_PATHS = "$(inherited) @executable_path/Frameworks";
				OTHER_LDFLAGS = "";
				PRODUCT_BUNDLE_IDENTIFIER = "ca.charland.TapWar-cal";
				PRODUCT_NAME = "$(TARGET_NAME)";
				SWIFT_VERSION = 5.0;
			};
			name = Release;
		};
/* End XCBuildConfiguration section */

/* Begin XCConfigurationList section */
		4C3ED0571F14767D00FE7758 /* Build configuration list for PBXProject "TapWar" */ = {
			isa = XCConfigurationList;
			buildConfigurations = (
				4C3ED06C1F14767D00FE7758 /* Debug */,
				4C3ED06D1F14767D00FE7758 /* Release */,
			);
			defaultConfigurationIsVisible = 0;
			defaultConfigurationName = Release;
		};
		4C3ED06E1F14767D00FE7758 /* Build configuration list for PBXNativeTarget "TapWar" */ = {
			isa = XCConfigurationList;
			buildConfigurations = (
				4C3ED06F1F14767D00FE7758 /* Debug */,
				4C3ED0701F14767D00FE7758 /* Release */,
			);
			defaultConfigurationIsVisible = 0;
			defaultConfigurationName = Release;
		};
		4CB615C21F28CEB40027562B /* Build configuration list for PBXNativeTarget "TapWar-cal" */ = {
			isa = XCConfigurationList;
			buildConfigurations = (
				4CB615C31F28CEB40027562B /* Debug */,
				4CB615C41F28CEB40027562B /* Release */,
			);
			defaultConfigurationIsVisible = 0;
			defaultConfigurationName = Release;
		};
/* End XCConfigurationList section */
	};
	rootObject = 4C3ED0541F14767D00FE7758 /* Project object */;
}
